
Microsoft Visual Studio Solution File, Format Version 12.00
# Visual Studio 15
VisualStudioVersion = 15.0.27428.2005
MinimumVisualStudioVersion = 10.0.40219.1
Project("{FAE04EC0-301F-11D3-BF4B-00C04F79EFBC}") = "BelatrixExerciseSolution", "BelatrixExerciseSolution\BelatrixExerciseSolution.csproj", "{17E68557-B082-43FC-9223-554902C018CF}"
EndProject
Project("{FAE04EC0-301F-11D3-BF4B-00C04F79EFBC}") = "BelatrixExerciseSolutionTests", "BelatrixExerciseSolutionTests\BelatrixExerciseSolutionTests.csproj", "{176E4026-BA35-494E-99FB-97FC5E932A28}"
EndProject
Global
	GlobalSection(SolutionConfigurationPlatforms) = preSolution
		Debug|Any CPU = Debug|Any CPU
		Release|Any CPU = Release|Any CPU
	EndGlobalSection
	GlobalSection(ProjectConfigurationPlatforms) = postSolution
		{17E68557-B082-43FC-9223-554902C018CF}.Debug|Any CPU.ActiveCfg = Debug|Any CPU
		{17E68557-B082-43FC-9223-554902C018CF}.Debug|Any CPU.Build.0 = Debug|Any CPU
		{17E68557-B082-43FC-9223-554902C018CF}.Release|Any CPU.ActiveCfg = Release|Any CPU
		{17E68557-B082-43FC-9223-554902C018CF}.Release|Any CPU.Build.0 = Release|Any CPU
		{176E4026-BA35-494E-99FB-97FC5E932A28}.Debug|Any CPU.ActiveCfg = Debug|Any CPU
		{176E4026-BA35-494E-99FB-97FC5E932A28}.Debug|Any CPU.Build.0 = Debug|Any CPU
		{176E4026-BA35-494E-99FB-97FC5E932A28}.Release|Any CPU.ActiveCfg = Release|Any CPU
		{176E4026-BA35-494E-99FB-97FC5E932A28}.Release|Any CPU.Build.0 = Release|Any CPU
	EndGlobalSection
	GlobalSection(SolutionProperties) = preSolution
		HideSolutionNode = FALSE
	EndGlobalSection
	GlobalSection(ExtensibilityGlobals) = postSolution
		SolutionGuid = {1FAD80A8-7C4B-4893-8F91-438B54E31261}
	EndGlobalSection
EndGlobal
